
Microsoft Visual Studio Solution File, Format Version 12.00
# Visual Studio Version 17
VisualStudioVersion = 17.12.35728.132 d17.12
MinimumVisualStudioVersion = 10.0.40219.1
Project("{FAE04EC0-301F-11D3-BF4B-00C04F79EFBC}") = "SimpleSteamworks", "SimpleSteamworks\SimpleSteamworks.csproj", "{FBA344A6-5C96-4067-8647-4D506436AFD4}"
EndProject
Project("{FAE04EC0-301F-11D3-BF4B-00C04F79EFBC}") = "SimpleSteamworksDemo", "SimpleSteamworksDemo\SimpleSteamworksDemo.csproj", "{431D5DE7-1760-41E4-8062-71FD3EFD3475}"
EndProject
Global
	GlobalSection(SolutionConfigurationPlatforms) = preSolution
		Debug|Any CPU = Debug|Any CPU
		Release|Any CPU = Release|Any CPU
	EndGlobalSection
	GlobalSection(ProjectConfigurationPlatforms) = postSolution
		{FBA344A6-5C96-4067-8647-4D506436AFD4}.Debug|Any CPU.ActiveCfg = Debug|Any CPU
		{FBA344A6-5C96-4067-8647-4D506436AFD4}.Debug|Any CPU.Build.0 = Debug|Any CPU
		{FBA344A6-5C96-4067-8647-4D506436AFD4}.Release|Any CPU.ActiveCfg = Release|Any CPU
		{FBA344A6-5C96-4067-8647-4D506436AFD4}.Release|Any CPU.Build.0 = Release|Any CPU
		{431D5DE7-1760-41E4-8062-71FD3EFD3475}.Debug|Any CPU.ActiveCfg = Debug|Any CPU
		{431D5DE7-1760-41E4-8062-71FD3EFD3475}.Debug|Any CPU.Build.0 = Debug|Any CPU
		{431D5DE7-1760-41E4-8062-71FD3EFD3475}.Release|Any CPU.ActiveCfg = Release|Any CPU
		{431D5DE7-1760-41E4-8062-71FD3EFD3475}.Release|Any CPU.Build.0 = Release|Any CPU
	EndGlobalSection
	GlobalSection(SolutionProperties) = preSolution
		HideSolutionNode = FALSE
	EndGlobalSection
EndGlobal
